
Microsoft Visual Studio Solution File, Format Version 12.00
# Visual Studio Version 17
VisualStudioVersion = 17.0.32112.339
MinimumVisualStudioVersion = 10.0.40219.1
Project("{9A19103F-16F7-4668-BE54-9A1E7A4F7556}") = "SO_70639538", "SO_70639538\SO_70639538.csproj", "{C674B7DA-8601-4BD4-9D66-796A5A7C0536}"
EndProject
Project("{9A19103F-16F7-4668-BE54-9A1E7A4F7556}") = "SO_70937142", "SO_70937142\SO_70937142.csproj", "{4CEB40FF-B10A-4020-A363-3FCE81541F9A}"
EndProject
Project("{9A19103F-16F7-4668-BE54-9A1E7A4F7556}") = "SO_71475662", "SO_71475662\SO_71475662.csproj", "{5EB0DF88-EDB6-4C1C-8245-468FB9D7113F}"
EndProject
Project("{9A19103F-16F7-4668-BE54-9A1E7A4F7556}") = "Common.WPF", "Common.WPF\Common.WPF.csproj", "{926E4FF4-FE2F-4283-8D6F-3D6B181A152F}"
EndProject
Project("{9A19103F-16F7-4668-BE54-9A1E7A4F7556}") = "SO_71919433", "SO_71919433\SO_71919433.csproj", "{C1D30C39-5626-4C42-A5F9-18A728CA151A}"
EndProject
Project("{9A19103F-16F7-4668-BE54-9A1E7A4F7556}") = "SO_10878500", "SO_10878500\SO_10878500.csproj", "{477E8338-EE5D-4593-9FD5-C00F20179A18}"
EndProject
Project("{9A19103F-16F7-4668-BE54-9A1E7A4F7556}") = "SO_39748090", "SO_39748090\SO_39748090.csproj", "{1F4EC689-135F-49DC-AC03-47CE0F940179}"
EndProject
Project("{9A19103F-16F7-4668-BE54-9A1E7A4F7556}") = "SO_6229724", "SO_6229724\SO_6229724.csproj", "{FB4B90AE-3701-48D1-BBCD-4C1B10DBF477}"
EndProject
Project("{9A19103F-16F7-4668-BE54-9A1E7A4F7556}") = "SO_72229375", "SO_72229375\SO_72229375.csproj", "{492FC659-7F19-4656-BEAE-AF78FAD9C33B}"
EndProject
Project("{9A19103F-16F7-4668-BE54-9A1E7A4F7556}") = "SO_72230510", "SO_72230510\SO_72230510.csproj", "{8C6B7045-C8BC-4D32-A3DA-7CAF07CA5F80}"
EndProject
Project("{9A19103F-16F7-4668-BE54-9A1E7A4F7556}") = "SO_72231442", "SO_72231442\SO_72231442.csproj", "{7B188410-033D-4782-BABD-827335896C6C}"
EndProject
Project("{9A19103F-16F7-4668-BE54-9A1E7A4F7556}") = "SO_72267688", "SO_72267688\SO_72267688.csproj", "{902F4943-51B1-46CE-BBE8-975E0A7A924C}"
EndProject
Project("{9A19103F-16F7-4668-BE54-9A1E7A4F7556}") = "SO_72276645", "SO_72276645\SO_72276645.csproj", "{FC82ABB4-184E-439A-AC38-19EAB64C160E}"
EndProject
Project("{F184B08F-C81C-45F6-A57F-5ABD9991F28F}") = "SO_72370104", "SO_72370104\SO_72370104.vbproj", "{EA9AE10A-5292-4144-A0B4-61FF5109D40B}"
EndProject
Global
	GlobalSection(SolutionConfigurationPlatforms) = preSolution
		Debug|Any CPU = Debug|Any CPU
		Release|Any CPU = Release|Any CPU
	EndGlobalSection
	GlobalSection(ProjectConfigurationPlatforms) = postSolution
		{C674B7DA-8601-4BD4-9D66-796A5A7C0536}.Debug|Any CPU.ActiveCfg = Debug|Any CPU
		{C674B7DA-8601-4BD4-9D66-796A5A7C0536}.Debug|Any CPU.Build.0 = Debug|Any CPU
		{C674B7DA-8601-4BD4-9D66-796A5A7C0536}.Release|Any CPU.ActiveCfg = Release|Any CPU
		{C674B7DA-8601-4BD4-9D66-796A5A7C0536}.Release|Any CPU.Build.0 = Release|Any CPU
		{4CEB40FF-B10A-4020-A363-3FCE81541F9A}.Debug|Any CPU.ActiveCfg = Debug|Any CPU
		{4CEB40FF-B10A-4020-A363-3FCE81541F9A}.Debug|Any CPU.Build.0 = Debug|Any CPU
		{4CEB40FF-B10A-4020-A363-3FCE81541F9A}.Release|Any CPU.ActiveCfg = Release|Any CPU
		{4CEB40FF-B10A-4020-A363-3FCE81541F9A}.Release|Any CPU.Build.0 = Release|Any CPU
		{5EB0DF88-EDB6-4C1C-8245-468FB9D7113F}.Debug|Any CPU.ActiveCfg = Debug|Any CPU
		{5EB0DF88-EDB6-4C1C-8245-468FB9D7113F}.Debug|Any CPU.Build.0 = Debug|Any CPU
		{5EB0DF88-EDB6-4C1C-8245-468FB9D7113F}.Release|Any CPU.ActiveCfg = Release|Any CPU
		{5EB0DF88-EDB6-4C1C-8245-468FB9D7113F}.Release|Any CPU.Build.0 = Release|Any CPU
		{926E4FF4-FE2F-4283-8D6F-3D6B181A152F}.Debug|Any CPU.ActiveCfg = Debug|Any CPU
		{926E4FF4-FE2F-4283-8D6F-3D6B181A152F}.Debug|Any CPU.Build.0 = Debug|Any CPU
		{926E4FF4-FE2F-4283-8D6F-3D6B181A152F}.Release|Any CPU.ActiveCfg = Release|Any CPU
		{926E4FF4-FE2F-4283-8D6F-3D6B181A152F}.Release|Any CPU.Build.0 = Release|Any CPU
		{C1D30C39-5626-4C42-A5F9-18A728CA151A}.Debug|Any CPU.ActiveCfg = Debug|Any CPU
		{C1D30C39-5626-4C42-A5F9-18A728CA151A}.Debug|Any CPU.Build.0 = Debug|Any CPU
		{C1D30C39-5626-4C42-A5F9-18A728CA151A}.Release|Any CPU.ActiveCfg = Release|Any CPU
		{C1D30C39-5626-4C42-A5F9-18A728CA151A}.Release|Any CPU.Build.0 = Release|Any CPU
		{477E8338-EE5D-4593-9FD5-C00F20179A18}.Debug|Any CPU.ActiveCfg = Debug|Any CPU
		{477E8338-EE5D-4593-9FD5-C00F20179A18}.Debug|Any CPU.Build.0 = Debug|Any CPU
		{477E8338-EE5D-4593-9FD5-C00F20179A18}.Release|Any CPU.ActiveCfg = Release|Any CPU
		{477E8338-EE5D-4593-9FD5-C00F20179A18}.Release|Any CPU.Build.0 = Release|Any CPU
		{1F4EC689-135F-49DC-AC03-47CE0F940179}.Debug|Any CPU.ActiveCfg = Debug|Any CPU
		{1F4EC689-135F-49DC-AC03-47CE0F940179}.Debug|Any CPU.Build.0 = Debug|Any CPU
		{1F4EC689-135F-49DC-AC03-47CE0F940179}.Release|Any CPU.ActiveCfg = Release|Any CPU
		{1F4EC689-135F-49DC-AC03-47CE0F940179}.Release|Any CPU.Build.0 = Release|Any CPU
		{FB4B90AE-3701-48D1-BBCD-4C1B10DBF477}.Debug|Any CPU.ActiveCfg = Debug|Any CPU
		{FB4B90AE-3701-48D1-BBCD-4C1B10DBF477}.Debug|Any CPU.Build.0 = Debug|Any CPU
		{FB4B90AE-3701-48D1-BBCD-4C1B10DBF477}.Release|Any CPU.ActiveCfg = Release|Any CPU
		{FB4B90AE-3701-48D1-BBCD-4C1B10DBF477}.Release|Any CPU.Build.0 = Release|Any CPU
		{492FC659-7F19-4656-BEAE-AF78FAD9C33B}.Debug|Any CPU.ActiveCfg = Debug|Any CPU
		{492FC659-7F19-4656-BEAE-AF78FAD9C33B}.Debug|Any CPU.Build.0 = Debug|Any CPU
		{492FC659-7F19-4656-BEAE-AF78FAD9C33B}.Release|Any CPU.ActiveCfg = Release|Any CPU
		{492FC659-7F19-4656-BEAE-AF78FAD9C33B}.Release|Any CPU.Build.0 = Release|Any CPU
		{8C6B7045-C8BC-4D32-A3DA-7CAF07CA5F80}.Debug|Any CPU.ActiveCfg = Debug|Any CPU
		{8C6B7045-C8BC-4D32-A3DA-7CAF07CA5F80}.Debug|Any CPU.Build.0 = Debug|Any CPU
		{8C6B7045-C8BC-4D32-A3DA-7CAF07CA5F80}.Release|Any CPU.ActiveCfg = Release|Any CPU
		{8C6B7045-C8BC-4D32-A3DA-7CAF07CA5F80}.Release|Any CPU.Build.0 = Release|Any CPU
		{7B188410-033D-4782-BABD-827335896C6C}.Debug|Any CPU.ActiveCfg = Debug|Any CPU
		{7B188410-033D-4782-BABD-827335896C6C}.Debug|Any CPU.Build.0 = Debug|Any CPU
		{7B188410-033D-4782-BABD-827335896C6C}.Release|Any CPU.ActiveCfg = Release|Any CPU
		{7B188410-033D-4782-BABD-827335896C6C}.Release|Any CPU.Build.0 = Release|Any CPU
		{902F4943-51B1-46CE-BBE8-975E0A7A924C}.Debug|Any CPU.ActiveCfg = Debug|Any CPU
		{902F4943-51B1-46CE-BBE8-975E0A7A924C}.Debug|Any CPU.Build.0 = Debug|Any CPU
		{902F4943-51B1-46CE-BBE8-975E0A7A924C}.Release|Any CPU.ActiveCfg = Release|Any CPU
		{902F4943-51B1-46CE-BBE8-975E0A7A924C}.Release|Any CPU.Build.0 = Release|Any CPU
		{FC82ABB4-184E-439A-AC38-19EAB64C160E}.Debug|Any CPU.ActiveCfg = Debug|Any CPU
		{FC82ABB4-184E-439A-AC38-19EAB64C160E}.Debug|Any CPU.Build.0 = Debug|Any CPU
		{FC82ABB4-184E-439A-AC38-19EAB64C160E}.Release|Any CPU.ActiveCfg = Release|Any CPU
		{FC82ABB4-184E-439A-AC38-19EAB64C160E}.Release|Any CPU.Build.0 = Release|Any CPU
		{EA9AE10A-5292-4144-A0B4-61FF5109D40B}.Debug|Any CPU.ActiveCfg = Debug|Any CPU
		{EA9AE10A-5292-4144-A0B4-61FF5109D40B}.Debug|Any CPU.Build.0 = Debug|Any CPU
		{EA9AE10A-5292-4144-A0B4-61FF5109D40B}.Release|Any CPU.ActiveCfg = Release|Any CPU
		{EA9AE10A-5292-4144-A0B4-61FF5109D40B}.Release|Any CPU.Build.0 = Release|Any CPU
	EndGlobalSection
	GlobalSection(SolutionProperties) = preSolution
		HideSolutionNode = FALSE
	EndGlobalSection
	GlobalSection(ExtensibilityGlobals) = postSolution
		SolutionGuid = {38F8971F-8222-4710-922C-72294334D9A4}
	EndGlobalSection
EndGlobal
